<Solution>
  <Folder Name="/Solution Items/">
    <File Path=".config/dotnet-tools.json" />
    <File Path=".editorconfig" />
    <File Path=".gitattributes" />
    <File Path=".gitignore" />
    <File Path="Directory.Build.props" />
    <File Path="Directory.Packages.props" />
    <File Path="LICENSE" />
    <File Path="NuGet.config" />
    <File Path="global.json" />
  </Folder>
  <Folder Name="/aspire/">
    <Project Path="aspire/ReactionLab.AppHost/ReactionLab.AppHost.csproj" />
    <Project Path="aspire/ReactionLab.ServiceDefaults/ReactionLab.ServiceDefaults.csproj" />
  </Folder>
  <Folder Name="/src/">
    <Project Path="src/ReactionLab.API/ReactionLab.API.csproj" />
    <Project Path="src/ReactionLab.Application/ReactionLab.Application.csproj" />
    <Project Path="src/ReactionLab.DbMigrator/ReactionLab.DbMigrator.csproj" />
    <Project Path="src/ReactionLab.Domain/ReactionLab.Domain.csproj" />
    <Project Path="src/ReactionLab.Infrastructure/ReactionLab.Infrastructure.csproj" />
  </Folder>
  <Folder Name="/tests/">
    <Project Path="tests/ReactionLab.Api.UnitTests/ReactionLab.Api.UnitTests.csproj" />
    <Project Path="tests/ReactionLab.Domain.UnitTests/ReactionLab.Domain.UnitTests.csproj" />
    <Project Path="tests/ReactionLab.Infrastructure.UnitTests/ReactionLab.Infrastructure.UnitTests.csproj" />
  </Folder>
  <Folder Name="/tools/">
    <Project Path="tools/ReactionLab.CatalogBuilder/ReactionLab.CatalogBuilder.csproj" />
  </Folder>
</Solution>
